
Microsoft Visual Studio Solution File, Format Version 12.00
# Visual Studio Version 16
VisualStudioVersion = 16.0.30204.135
MinimumVisualStudioVersion = 10.0.40219.1
Project("{9A19103F-16F7-4668-BE54-9A1E7A4F7556}") = "BethanysPieShopHRM.Server", "BethanysPieShopHRM.Server\BethanysPieShopHRM.Server.csproj", "{AB26EA26-0722-438B-9C91-B1BE5F9AFA08}"
EndProject
Project("{9A19103F-16F7-4668-BE54-9A1E7A4F7556}") = "BethanysPieShopHRM.Shared", "BethanysPieShopHRM.Shared\BethanysPieShopHRM.Shared.csproj", "{F6B627FC-19F8-4A8B-93F6-152D250E052F}"
EndProject
Global
	GlobalSection(SolutionConfigurationPlatforms) = preSolution
		Debug|Any CPU = Debug|Any CPU
		Release|Any CPU = Release|Any CPU
	EndGlobalSection
	GlobalSection(ProjectConfigurationPlatforms) = postSolution
		{AB26EA26-0722-438B-9C91-B1BE5F9AFA08}.Debug|Any CPU.ActiveCfg = Debug|Any CPU
		{AB26EA26-0722-438B-9C91-B1BE5F9AFA08}.Debug|Any CPU.Build.0 = Debug|Any CPU
		{AB26EA26-0722-438B-9C91-B1BE5F9AFA08}.Release|Any CPU.ActiveCfg = Release|Any CPU
		{AB26EA26-0722-438B-9C91-B1BE5F9AFA08}.Release|Any CPU.Build.0 = Release|Any CPU
		{F6B627FC-19F8-4A8B-93F6-152D250E052F}.Debug|Any CPU.ActiveCfg = Debug|Any CPU
		{F6B627FC-19F8-4A8B-93F6-152D250E052F}.Debug|Any CPU.Build.0 = Debug|Any CPU
		{F6B627FC-19F8-4A8B-93F6-152D250E052F}.Release|Any CPU.ActiveCfg = Release|Any CPU
		{F6B627FC-19F8-4A8B-93F6-152D250E052F}.Release|Any CPU.Build.0 = Release|Any CPU
	EndGlobalSection
	GlobalSection(SolutionProperties) = preSolution
		HideSolutionNode = FALSE
	EndGlobalSection
	GlobalSection(ExtensibilityGlobals) = postSolution
		SolutionGuid = {FF7A8D0D-AC8F-43DA-90EF-73FC99F9E0EA}
	EndGlobalSection
EndGlobal
